
Microsoft Visual Studio Solution File, Format Version 12.00
# Visual Studio Version 16
VisualStudioVersion = 16.0.30503.244
MinimumVisualStudioVersion = 10.0.40219.1
Project("{FAE04EC0-301F-11D3-BF4B-00C04F79EFBC}") = "CircleApp-OOP", "CircleApp-OOP\CircleApp-OOP.csproj", "{1DD09B10-F7AD-4CFB-A839-84E2C4512FD9}"
EndProject
Global
	GlobalSection(SolutionConfigurationPlatforms) = preSolution
		Debug|Any CPU = Debug|Any CPU
		Release|Any CPU = Release|Any CPU
	EndGlobalSection
	GlobalSection(ProjectConfigurationPlatforms) = postSolution
		{1DD09B10-F7AD-4CFB-A839-84E2C4512FD9}.Debug|Any CPU.ActiveCfg = Debug|Any CPU
		{1DD09B10-F7AD-4CFB-A839-84E2C4512FD9}.Debug|Any CPU.Build.0 = Debug|Any CPU
		{1DD09B10-F7AD-4CFB-A839-84E2C4512FD9}.Release|Any CPU.ActiveCfg = Release|Any CPU
		{1DD09B10-F7AD-4CFB-A839-84E2C4512FD9}.Release|Any CPU.Build.0 = Release|Any CPU
	EndGlobalSection
	GlobalSection(SolutionProperties) = preSolution
		HideSolutionNode = FALSE
	EndGlobalSection
	GlobalSection(ExtensibilityGlobals) = postSolution
		SolutionGuid = {B83D44A9-D82E-4F3E-A24C-C8CB3242D534}
	EndGlobalSection
EndGlobal
